
Microsoft Visual Studio Solution File, Format Version 12.00
Project("{FAE04EC0-301F-11D3-BF4B-00C04F79EFBC}") = "Deliverable1", "Deliverable1\Deliverable1.csproj", "{FB801B60-7A80-45A5-A978-643E2CA40504}"
EndProject
Global
	GlobalSection(SolutionConfigurationPlatforms) = preSolution
		Debug|Any CPU = Debug|Any CPU
		Release|Any CPU = Release|Any CPU
	EndGlobalSection
	GlobalSection(ProjectConfigurationPlatforms) = postSolution
		{FB801B60-7A80-45A5-A978-643E2CA40504}.Debug|Any CPU.ActiveCfg = Debug|Any CPU
		{FB801B60-7A80-45A5-A978-643E2CA40504}.Debug|Any CPU.Build.0 = Debug|Any CPU
		{FB801B60-7A80-45A5-A978-643E2CA40504}.Release|Any CPU.ActiveCfg = Release|Any CPU
		{FB801B60-7A80-45A5-A978-643E2CA40504}.Release|Any CPU.Build.0 = Release|Any CPU
	EndGlobalSection
EndGlobal
